
Microsoft Visual Studio Solution File, Format Version 12.00
# Visual Studio Version 17
VisualStudioVersion = 17.13.35931.197 d17.13
MinimumVisualStudioVersion = 10.0.40219.1
Project("{FAE04EC0-301F-11D3-BF4B-00C04F79EFBC}") = "ksis2", "ksis2.csproj", "{E6FC7143-2C4F-4534-85FD-AB8232B5B26B}"
EndProject
Global
	GlobalSection(SolutionConfigurationPlatforms) = preSolution
		Debug|Any CPU = Debug|Any CPU
		Release|Any CPU = Release|Any CPU
	EndGlobalSection
	GlobalSection(ProjectConfigurationPlatforms) = postSolution
		{E6FC7143-2C4F-4534-85FD-AB8232B5B26B}.Debug|Any CPU.ActiveCfg = Debug|Any CPU
		{E6FC7143-2C4F-4534-85FD-AB8232B5B26B}.Debug|Any CPU.Build.0 = Debug|Any CPU
		{E6FC7143-2C4F-4534-85FD-AB8232B5B26B}.Release|Any CPU.ActiveCfg = Release|Any CPU
		{E6FC7143-2C4F-4534-85FD-AB8232B5B26B}.Release|Any CPU.Build.0 = Release|Any CPU
	EndGlobalSection
	GlobalSection(SolutionProperties) = preSolution
		HideSolutionNode = FALSE
	EndGlobalSection
	GlobalSection(ExtensibilityGlobals) = postSolution
		SolutionGuid = {019C07FB-EDFC-40FE-9249-2F3F24B62B0C}
	EndGlobalSection
EndGlobal
